PODS:
  - Alamofire (5.0.5)
  - Argo (4.1.2):
    - Runes (>= 4.0.0)
  - Curry (4.0.0)
  - Moya (14.0.0):
    - Moya/Core (= 14.0.0)
  - Moya-Argo (5.0.1):
    - Moya-Argo/Core (= 5.0.1)
  - Moya-Argo/Core (5.0.1):
    - Argo (~> 4.1.2)
    - Moya (~> 14.0.0)
  - Moya-Argo/ReactiveSwift (5.0.1):
    - Moya-Argo/Core
    - Moya/ReactiveSwift
  - Moya-Argo/RxSwift (5.0.1):
    - Moya-Argo/Core
    - Moya/RxSwift
  - Moya/Core (14.0.0):
    - Alamofire (~> 5.0)
  - Moya/ReactiveSwift (14.0.0):
    - Moya/Core
    - ReactiveSwift (~> 6.0)
  - Moya/RxSwift (14.0.0):
    - Moya/Core
    - RxSwift (~> 5.0)
  - ReactiveSwift (6.2.1)
  - Runes (4.1.0)
  - RxSwift (5.1.1)

DEPENDENCIES:
  - Curry
  - Moya-Argo (from `../`)
  - Moya-Argo/ReactiveSwift (from `../`)
  - Moya-Argo/RxSwift (from `../`)

SPEC REPOS:
  https://github.com/CocoaPods/Specs.git:
    - Alamofire
    - Argo
    - Curry
    - Moya
    - ReactiveSwift
    - Runes
    - RxSwift

EXTERNAL SOURCES:
  Moya-Argo:
    :path: "../"

SPEC CHECKSUMS:
  Alamofire: df2f8f826963b08b9a870791ad48e07a10090b2e
  Argo: 5db06502fc1222d83011f574243089dab25202ff
  Curry: 887c0b9de9a9947820a59557459c7895e76d7b90
  Moya: 5b45dacb75adb009f97fde91c204c1e565d31916
  Moya-Argo: c7b85811efc794efbe7452573c22437c1e7ca2ca
  ReactiveSwift: 07ddf579f4eb3ee3bd656214f0461aaf2c0fd639
  Runes: 72a67a5bbbe1b5fdae08b5a01b10c60d83fc69aa
  RxSwift: 81470a2074fa8780320ea5fe4102807cb7118178

PODFILE CHECKSUM: b97baf0d00a9922b17230006bc99b635a057817e

COCOAPODS: 1.9.1
